# This file was autogenerated by Stack.
# You should not edit this file by hand.
# For more information, please see the documentation at:
#   https://docs.haskellstack.org/en/stable/lock_files

packages:
- completed:
    hackage: endo-0.3.0.1@sha256:7299a456be44c72431f9193f56bb9fb21e3f76746bd7affa433f2f0bede89eb7,5289
    pantry-tree:
      size: 1344
      sha256: bb5caf99cf9887b9a9aeb8ebb13e11254f2d32025e1e6d5260a74037a56b514e
  original:
    hackage: endo-0.3.0.1
- completed:
    hackage: fuzzy-0.1.0.0@sha256:123b9581c587ae5422b67bbad7e81186b1ecbf86941a8049f921ddf136f2234e,833
    pantry-tree:
      size: 261
      sha256: 97019c97e95f2a91089acec705243e1fa5b8529ae112658757e0ab3574905f3c
  original:
    hackage: fuzzy-0.1.0.0
- completed:
    hackage: verbosity-0.4.0.0@sha256:b396e2cb6880cf0b23794579f1903bace1c07db48d536ce3df0c80bc4569233d,4958
    pantry-tree:
      size: 795
      sha256: 3710165ea4015c78626a3c6629fafb93b7c2263edc5875bf307bf23a429488d5
  original:
    hackage: verbosity-0.4.0.0
- completed:
    hackage: dhall-1.31.1@sha256:d85f60105624d63bee8b5ec6f442e55b2e9fcb978e4d6e2c828b0520f6c6ed70,33103
    pantry-tree:
      size: 279753
      sha256: df9ba13cb1d061879fb2d50465e2cf33a17aa5cf42670e88c0a4a8ad00903b6d
  original:
    hackage: dhall-1.31.1
- completed:
    hackage: dhall-bash-1.0.29@sha256:5b869d392672ab730d7488cecfe1a9a10756bb530f9c06dd33f25bb7e409c4f2,1783
    pantry-tree:
      size: 266
      sha256: fb50c6ddeac5e6271eef15da468088315ec2fe85b261c52c3b8d5c181bbb8892
  original:
    hackage: dhall-bash-1.0.29
- completed:
    hackage: dhall-json-1.6.3@sha256:6d052b86027f14c9342cc54acb32c10b3fe1ac24353f5e389ca5b3719ea95160,4087
    pantry-tree:
      size: 3990
      sha256: 54502db384f8e0df2950b458aaaddea70835b6ce7f87712180914e6a342d5475
  original:
    hackage: dhall-json-1.6.3
- completed:
    hackage: aeson-yaml-1.0.6.0@sha256:bdf6d67265d9a3e251122fa53d2f0f19e0b9865d928e5d6efb77d4754ca3f6cb,1975
    pantry-tree:
      size: 451
      sha256: 959322f98d04221b5680efafb75a9009fd3c5a2d737d46330be9c466091619f7
  original:
    hackage: aeson-yaml-1.0.6.0
- completed:
    hackage: prettyprinter-1.6.1@sha256:11876ec94a79048e1d2942a99bfaa6f2be5222eafeedac6a9545673a79465009,5459
    pantry-tree:
      size: 2194
      sha256: b8ddc48e267da0bc8da3082929b478df80c3c986865394f93e7bc7631c0031cf
  original:
    hackage: prettyprinter-1.6.1
- completed:
    hackage: lock-file-0.7.0.0@sha256:3ad84b5e454145e1d928063b56abb96db24a99a21b493989520e58fa0ab37b00,4484
    pantry-tree:
      size: 718
      sha256: 3634593ce191e82793ea0e060598ab3cf67f2ef2fe1d65345dc9335ad529d25f
  original:
    hackage: lock-file-0.7.0.0
- completed:
    name: host-and-port
    version: 0.0.1.0
    git: https://github.com/trskop/host-and-port.git
    pantry-tree:
      size: 765
      sha256: d79f0a0dc3310d171e69646db84dafd91bff548f3e84fd69645380117b96a437
    commit: e934d338b8ba6b5ce6c0e16e1d1a46d2d5099808
  original:
    git: https://github.com/trskop/host-and-port.git
    commit: e934d338b8ba6b5ce6c0e16e1d1a46d2d5099808
- completed:
    name: mainplate
    version: 0.0.1.0
    git: https://github.com/trskop/mainplate.git
    pantry-tree:
      size: 1572
      sha256: 98eda1b5d8801ebd34f2a132b314aa38437f135e928e60a45c1d8349f45dc6bb
    commit: 118acdb919e7bd7aaa07e7554a2d1eabde86acf5
  original:
    git: https://github.com/trskop/mainplate.git
    commit: 118acdb919e7bd7aaa07e7554a2d1eabde86acf5
- completed:
    name: open-in-editor
    version: 0.1.0.0
    git: https://github.com/trskop/open-in-editor.git
    pantry-tree:
      size: 767
      sha256: 7568615cd9b5dd342013dbf1791146137742e0f43e49498c603dc18b8568b045
    commit: eec72c9c99fd8bd89866bdd85a23343a4a6fbae8
  original:
    git: https://github.com/trskop/open-in-editor.git
    commit: eec72c9c99fd8bd89866bdd85a23343a4a6fbae8
- completed:
    subdir: command-wrapper-core
    name: command-wrapper-core
    version: 0.1.0.0
    git: https://github.com/trskop/command-wrapper.git
    pantry-tree:
      size: 1802
      sha256: c284ff9759678cc3605f6391a2842f3b329a85352524d70dc9bdf5ef79e95e94
    commit: 106160a0d79e1d55df8e5942fbd38acca067ee00
  original:
    subdir: command-wrapper-core
    git: https://github.com/trskop/command-wrapper.git
    commit: 106160a0d79e1d55df8e5942fbd38acca067ee00
- completed:
    subdir: command-wrapper-subcommand
    name: command-wrapper-subcommand
    version: 0.1.0.0
    git: https://github.com/trskop/command-wrapper.git
    pantry-tree:
      size: 533
      sha256: 5f6cda24ee83196289b10d4c6f84cf3e6a34502e0a4d67e47ef27097b83444a2
    commit: 106160a0d79e1d55df8e5942fbd38acca067ee00
  original:
    subdir: command-wrapper-subcommand
    git: https://github.com/trskop/command-wrapper.git
    commit: 106160a0d79e1d55df8e5942fbd38acca067ee00
- completed:
    subdir: command-wrapper
    name: command-wrapper
    version: 0.1.0.0
    git: https://github.com/trskop/command-wrapper.git
    pantry-tree:
      size: 32994
      sha256: c7c6832a1c469a4fb1303fbf0d33a2f60481314d84040ba06d921de178c4a2b7
    commit: 106160a0d79e1d55df8e5942fbd38acca067ee00
  original:
    subdir: command-wrapper
    git: https://github.com/trskop/command-wrapper.git
    commit: 106160a0d79e1d55df8e5942fbd38acca067ee00
- completed:
    name: genbashrc
    version: 0.1.0.0
    git: https://github.com/trskop/genbashrc.git
    pantry-tree:
      size: 1099
      sha256: da3eb7b17edd8b07700bf43d0f42c865038b503f46566b6871b91ae095232f62
    commit: 87edf5f77320d716a39376b6a0e210ab46802ff4
  original:
    git: https://github.com/trskop/genbashrc.git
    commit: 87edf5f77320d716a39376b6a0e210ab46802ff4
snapshots:
- completed:
    size: 532377
    url: https://raw.githubusercontent.com/commercialhaskell/stackage-snapshots/master/lts/16/12.yaml
    sha256: f914cfa23fef85bdf895e300a8234d9d0edc2dbec67f4bc9c53f85867c50eab6
  original: lts-16.12
