# This file was autogenerated by Stack.
# You should not edit this file by hand.
# For more information, please see the documentation at:
#   https://docs.haskellstack.org/en/stable/lock_files

packages:
- completed:
    hackage: endo-0.3.0.1@sha256:7299a456be44c72431f9193f56bb9fb21e3f76746bd7affa433f2f0bede89eb7,5289
    pantry-tree:
      size: 1344
      sha256: bb5caf99cf9887b9a9aeb8ebb13e11254f2d32025e1e6d5260a74037a56b514e
  original:
    hackage: endo-0.3.0.1
- completed:
    hackage: fuzzy-0.1.0.0@sha256:123b9581c587ae5422b67bbad7e81186b1ecbf86941a8049f921ddf136f2234e,833
    pantry-tree:
      size: 261
      sha256: 97019c97e95f2a91089acec705243e1fa5b8529ae112658757e0ab3574905f3c
  original:
    hackage: fuzzy-0.1.0.0
- completed:
    hackage: verbosity-0.3.0.0@sha256:937c318d73f527a88610c7c036c888578731adac8a1891e65d955db4dd976b7c,5043
    pantry-tree:
      size: 795
      sha256: add03785cbb76e808de561b68539f2c303790eeb5884a713efa37d3b8a356e5d
  original:
    hackage: verbosity-0.3.0.0
- completed:
    hackage: dhall-1.29.0@sha256:2bb41a7c354a155f6e62b61dfee7474b7bb8c3b474c689e56c6a1f7af37881b9,32058
    pantry-tree:
      size: 244291
      sha256: 974a3764c28f7fe86fbd4117292ca4ba8da685e894656e683989fc4df0106d06
  original:
    hackage: dhall-1.29.0
- completed:
    hackage: dhall-bash-1.0.27@sha256:4efba91e2ef42ad5e1f1c35929e5a7ef07b1b1a6119fa39f6af2926418986bb8,1784
    pantry-tree:
      size: 266
      sha256: 91d36fe4bf6f74dc7a759ae2712ffe1c9195a74cc0f581e149d587fa500f3088
  original:
    hackage: dhall-bash-1.0.27
- completed:
    hackage: dhall-json-1.6.1@sha256:77b3b6e92d82163a6a325c7a07e68132802d57cae4d6b83703117a2bf7984ac1,4088
    pantry-tree:
      size: 3181
      sha256: 88cdf872bed2c30c60c2375965a64ba7d72d07017e0f32f52cab2bb9f065a0db
  original:
    hackage: dhall-json-1.6.1
- completed:
    hackage: aeson-yaml-1.0.5.0@sha256:5786f021c1e088d6a5aa259120ec5b1f22bb1757f4427c1a87e0513d00f17f31,1975
    pantry-tree:
      size: 450
      sha256: abc06de688cab0956ed76bfb88e8c845158d2f3debf9812cb002d9f4db5d3695
  original:
    hackage: aeson-yaml-1.0.5.0
- completed:
    hackage: lock-file-0.7.0.0@sha256:3ad84b5e454145e1d928063b56abb96db24a99a21b493989520e58fa0ab37b00,4484
    pantry-tree:
      size: 718
      sha256: 3634593ce191e82793ea0e060598ab3cf67f2ef2fe1d65345dc9335ad529d25f
  original:
    hackage: lock-file-0.7.0.0
- completed:
    cabal-file:
      size: 2334
      sha256: 33b2754a627b9c0971e8188d2751b73f6590e75b1f740893c6909a18707988f6
    name: host-and-port
    version: 0.0.1.0
    git: https://github.com/trskop/host-and-port.git
    pantry-tree:
      size: 765
      sha256: d79f0a0dc3310d171e69646db84dafd91bff548f3e84fd69645380117b96a437
    commit: e934d338b8ba6b5ce6c0e16e1d1a46d2d5099808
  original:
    git: https://github.com/trskop/host-and-port.git
    commit: e934d338b8ba6b5ce6c0e16e1d1a46d2d5099808
- completed:
    cabal-file:
      size: 1744
      sha256: a5eb034128f648a6531e4e2880fe27c856a608dc837c0030d0d31577d73b5719
    name: mainplate
    version: 0.0.1.0
    git: https://github.com/trskop/mainplate.git
    pantry-tree:
      size: 1572
      sha256: 98eda1b5d8801ebd34f2a132b314aa38437f135e928e60a45c1d8349f45dc6bb
    commit: 118acdb919e7bd7aaa07e7554a2d1eabde86acf5
  original:
    git: https://github.com/trskop/mainplate.git
    commit: 118acdb919e7bd7aaa07e7554a2d1eabde86acf5
- completed:
    cabal-file:
      size: 1473
      sha256: 7a69e28a52a5c9d4bf98c95ea2c256b74025afda9b349df932a183f91c45bc4c
    name: open-in-editor
    version: 0.1.0.0
    git: https://github.com/trskop/open-in-editor.git
    pantry-tree:
      size: 767
      sha256: 7568615cd9b5dd342013dbf1791146137742e0f43e49498c603dc18b8568b045
    commit: eec72c9c99fd8bd89866bdd85a23343a4a6fbae8
  original:
    git: https://github.com/trskop/open-in-editor.git
    commit: eec72c9c99fd8bd89866bdd85a23343a4a6fbae8
- completed:
    cabal-file:
      size: 26971
      sha256: 042b0f5a02ff62c7c37ef9455fad70364114d5fa6f543796eff961ef55ecb259
    name: command-wrapper
    version: 0.1.0.0
    git: https://github.com/trskop/command-wrapper.git
    pantry-tree:
      size: 32841
      sha256: 185cd87d5e95f13ad647fcd6cf65942a9936f6ff74c3bbc1770172eb17013797
    commit: 9538d3a330418efd6ae506bd9866b1a27560bcd6
  original:
    git: https://github.com/trskop/command-wrapper.git
    commit: 9538d3a330418efd6ae506bd9866b1a27560bcd6
- completed:
    cabal-file:
      size: 2042
      sha256: c71fb49b4130db23b2dfb2f904eb2414ec34ab336fde656b52186912bbd62553
    name: genbashrc
    version: 0.1.0.0
    git: https://github.com/trskop/genbashrc.git
    pantry-tree:
      size: 1099
      sha256: da3eb7b17edd8b07700bf43d0f42c865038b503f46566b6871b91ae095232f62
    commit: 87edf5f77320d716a39376b6a0e210ab46802ff4
  original:
    git: https://github.com/trskop/genbashrc.git
    commit: 87edf5f77320d716a39376b6a0e210ab46802ff4
snapshots:
- completed:
    size: 524154
    url: https://raw.githubusercontent.com/commercialhaskell/stackage-snapshots/master/lts/14/20.yaml
    sha256: 2f5099f69ddb6abfe64400fe1e6a604e8e628f55e6837211cd70a81eb0a8fa4d
  original: lts-14.20
