# This file was autogenerated by Stack.
# You should not edit this file by hand.
# For more information, please see the documentation at:
#   https://docs.haskellstack.org/en/stable/lock_files

packages:
- completed:
    hackage: endo-0.3.0.1@sha256:7299a456be44c72431f9193f56bb9fb21e3f76746bd7affa433f2f0bede89eb7,5289
    pantry-tree:
      size: 1344
      sha256: bb5caf99cf9887b9a9aeb8ebb13e11254f2d32025e1e6d5260a74037a56b514e
  original:
    hackage: endo-0.3.0.1
- completed:
    hackage: fuzzy-0.1.0.0@sha256:123b9581c587ae5422b67bbad7e81186b1ecbf86941a8049f921ddf136f2234e,833
    pantry-tree:
      size: 261
      sha256: 97019c97e95f2a91089acec705243e1fa5b8529ae112658757e0ab3574905f3c
  original:
    hackage: fuzzy-0.1.0.0
- completed:
    hackage: verbosity-0.4.0.0@sha256:b396e2cb6880cf0b23794579f1903bace1c07db48d536ce3df0c80bc4569233d,4958
    pantry-tree:
      size: 795
      sha256: 3710165ea4015c78626a3c6629fafb93b7c2263edc5875bf307bf23a429488d5
  original:
    hackage: verbosity-0.4.0.0
- completed:
    hackage: dhall-1.30.0@sha256:38d6c37fda7fc5d32bd90cd6172efe25a4eb7c9949c0ce015a4be500c7825fdd,32875
    pantry-tree:
      size: 248056
      sha256: 04ab967ef886c3cbf95cef574d8e906a81be3cb56ca192921ea280aaf1fa0f42
  original:
    hackage: dhall-1.30.0
- completed:
    hackage: dhall-bash-1.0.28@sha256:a7c3d14b2144956a2dc9cd0e00c8a917ed677f7637e52d72264948d91417af5d,1783
    pantry-tree:
      size: 266
      sha256: a454c60250cec2a57b1d169ad5595e75714ccc96f2f32adb0cc05e8b986d4588
  original:
    hackage: dhall-bash-1.0.28
- completed:
    hackage: dhall-json-1.6.2@sha256:e4e7a56ada027ee6aa901a759dee46a5076eaa6c401ef9efbf4a7ee8014ad9ae,4087
    pantry-tree:
      size: 3990
      sha256: 80804b22821d93d98499c2a4aef854d2b8cde178ffa20a369d310fe7bff5090a
  original:
    hackage: dhall-json-1.6.2
- completed:
    hackage: aeson-yaml-1.0.5.0@sha256:5786f021c1e088d6a5aa259120ec5b1f22bb1757f4427c1a87e0513d00f17f31,1975
    pantry-tree:
      size: 450
      sha256: abc06de688cab0956ed76bfb88e8c845158d2f3debf9812cb002d9f4db5d3695
  original:
    hackage: aeson-yaml-1.0.5.0
- completed:
    hackage: lock-file-0.7.0.0@sha256:3ad84b5e454145e1d928063b56abb96db24a99a21b493989520e58fa0ab37b00,4484
    pantry-tree:
      size: 718
      sha256: 3634593ce191e82793ea0e060598ab3cf67f2ef2fe1d65345dc9335ad529d25f
  original:
    hackage: lock-file-0.7.0.0
- completed:
    cabal-file:
      size: 2334
      sha256: 33b2754a627b9c0971e8188d2751b73f6590e75b1f740893c6909a18707988f6
    name: host-and-port
    version: 0.0.1.0
    git: https://github.com/trskop/host-and-port.git
    pantry-tree:
      size: 765
      sha256: d79f0a0dc3310d171e69646db84dafd91bff548f3e84fd69645380117b96a437
    commit: e934d338b8ba6b5ce6c0e16e1d1a46d2d5099808
  original:
    git: https://github.com/trskop/host-and-port.git
    commit: e934d338b8ba6b5ce6c0e16e1d1a46d2d5099808
- completed:
    cabal-file:
      size: 1744
      sha256: a5eb034128f648a6531e4e2880fe27c856a608dc837c0030d0d31577d73b5719
    name: mainplate
    version: 0.0.1.0
    git: https://github.com/trskop/mainplate.git
    pantry-tree:
      size: 1572
      sha256: 98eda1b5d8801ebd34f2a132b314aa38437f135e928e60a45c1d8349f45dc6bb
    commit: 118acdb919e7bd7aaa07e7554a2d1eabde86acf5
  original:
    git: https://github.com/trskop/mainplate.git
    commit: 118acdb919e7bd7aaa07e7554a2d1eabde86acf5
- completed:
    cabal-file:
      size: 1473
      sha256: 7a69e28a52a5c9d4bf98c95ea2c256b74025afda9b349df932a183f91c45bc4c
    name: open-in-editor
    version: 0.1.0.0
    git: https://github.com/trskop/open-in-editor.git
    pantry-tree:
      size: 767
      sha256: 7568615cd9b5dd342013dbf1791146137742e0f43e49498c603dc18b8568b045
    commit: eec72c9c99fd8bd89866bdd85a23343a4a6fbae8
  original:
    git: https://github.com/trskop/open-in-editor.git
    commit: eec72c9c99fd8bd89866bdd85a23343a4a6fbae8
- completed:
    cabal-file:
      size: 26979
      sha256: 99cf15228927aec18392313a26b2af135bb5ee98ec976b4481e53d2fc09d162c
    name: command-wrapper
    version: 0.1.0.0
    git: https://github.com/trskop/command-wrapper.git
    pantry-tree:
      size: 32850
      sha256: 660a37542e16aa30619421ea2ffce50d1e858277eacd066889647d04d28dfb03
    commit: ac648b3f9d263c2b903eddfdbfe42a8fef4a2db6
  original:
    git: https://github.com/trskop/command-wrapper.git
    commit: ac648b3f9d263c2b903eddfdbfe42a8fef4a2db6
- completed:
    cabal-file:
      size: 2042
      sha256: c71fb49b4130db23b2dfb2f904eb2414ec34ab336fde656b52186912bbd62553
    name: genbashrc
    version: 0.1.0.0
    git: https://github.com/trskop/genbashrc.git
    pantry-tree:
      size: 1099
      sha256: da3eb7b17edd8b07700bf43d0f42c865038b503f46566b6871b91ae095232f62
    commit: 87edf5f77320d716a39376b6a0e210ab46802ff4
  original:
    git: https://github.com/trskop/genbashrc.git
    commit: 87edf5f77320d716a39376b6a0e210ab46802ff4
snapshots:
- completed:
    size: 524996
    url: https://raw.githubusercontent.com/commercialhaskell/stackage-snapshots/master/lts/14/27.yaml
    sha256: 7ea31a280c56bf36ff591a7397cc384d0dff622e7f9e4225b47d8980f019a0f0
  original: lts-14.27
